github.com/joshuaknipe/congo/v2 v2.0.0-20240626220811-db6e98c440af h1:oaRv+qFRe2O6sgubZZsiqWh1ne/Q2ScV41Jl9ir13RE=
github.com/joshuaknipe/congo/v2 v2.0.0-20240626220811-db6e98c440af/go.mod h1:nw92JcPeOuf9ma01u9dbh/ojEgl+EMR9FOvYk5pBRmk=
github.com/theNewDynamic/gohugo-theme-ananke v0.0.0-20240503174335-33fbda0e9d3e h1:7gGo4gWBXKqjctzjetYSPhOGJKbVBsNgkiv5oJ3LgJc=
github.com/theNewDynamic/gohugo-theme-ananke v0.0.0-20240503174335-33fbda0e9d3e/go.mod h1:yY14BLqqh5G61rO81YcJKMHY1rClY5iIiUK+K2JKSUM=
